<?xml version="1.0" encoding="UTF-8" standalone="yes" ?>
<CodeBlocks_project_file>
   <FileVersion major="1" minor="6" />
   <Project>
      <Option title="Project" />
      <Option makefile_is_custom="1" />
      <Option compiler="gcc" />
      <Option virtualFolders="CMake Files\;CMake Files\..\;CMake Files\..\..\;CMake Files\..\..\build\;" />
      <Build>
      <Target title="all">
         <Option working_dir="/home/boston/Documents/spirit_dep/spirit/examples/build-rk4_bike_localplanner-Desktop-Default" />
         <Option type="4" />
         <MakeCommands>
            <Build command="/usr/bin/make -f &quot;/home/boston/Documents/spirit_dep/spirit/examples/build-rk4_bike_localplanner-Desktop-Default/Makefile&quot;  VERBOSE=1 all" />
            <CompileFile command="/usr/bin/make -f &quot;/home/boston/Documents/spirit_dep/spirit/examples/build-rk4_bike_localplanner-Desktop-Default/Makefile&quot;  VERBOSE=1 &quot;$file&quot;" />
            <Clean command="/usr/bin/make -f &quot;/home/boston/Documents/spirit_dep/spirit/examples/build-rk4_bike_localplanner-Desktop-Default/Makefile&quot;  VERBOSE=1 clean" />
            <DistClean command="/usr/bin/make -f &quot;/home/boston/Documents/spirit_dep/spirit/examples/build-rk4_bike_localplanner-Desktop-Default/Makefile&quot;  VERBOSE=1 clean" />
         </MakeCommands>
      </Target>
      <Target title="edit_cache">
         <Option working_dir="/home/boston/Documents/spirit_dep/spirit/examples/build-rk4_bike_localplanner-Desktop-Default" />
         <Option type="4" />
         <MakeCommands>
            <Build command="/usr/bin/make -f &quot;/home/boston/Documents/spirit_dep/spirit/examples/build-rk4_bike_localplanner-Desktop-Default/Makefile&quot;  VERBOSE=1 edit_cache" />
            <CompileFile command="/usr/bin/make -f &quot;/home/boston/Documents/spirit_dep/spirit/examples/build-rk4_bike_localplanner-Desktop-Default/Makefile&quot;  VERBOSE=1 &quot;$file&quot;" />
            <Clean command="/usr/bin/make -f &quot;/home/boston/Documents/spirit_dep/spirit/examples/build-rk4_bike_localplanner-Desktop-Default/Makefile&quot;  VERBOSE=1 clean" />
            <DistClean command="/usr/bin/make -f &quot;/home/boston/Documents/spirit_dep/spirit/examples/build-rk4_bike_localplanner-Desktop-Default/Makefile&quot;  VERBOSE=1 clean" />
         </MakeCommands>
      </Target>
      <Target title="rebuild_cache">
         <Option working_dir="/home/boston/Documents/spirit_dep/spirit/examples/build-rk4_bike_localplanner-Desktop-Default" />
         <Option type="4" />
         <MakeCommands>
            <Build command="/usr/bin/make -f &quot;/home/boston/Documents/spirit_dep/spirit/examples/build-rk4_bike_localplanner-Desktop-Default/Makefile&quot;  VERBOSE=1 rebuild_cache" />
            <CompileFile command="/usr/bin/make -f &quot;/home/boston/Documents/spirit_dep/spirit/examples/build-rk4_bike_localplanner-Desktop-Default/Makefile&quot;  VERBOSE=1 &quot;$file&quot;" />
            <Clean command="/usr/bin/make -f &quot;/home/boston/Documents/spirit_dep/spirit/examples/build-rk4_bike_localplanner-Desktop-Default/Makefile&quot;  VERBOSE=1 clean" />
            <DistClean command="/usr/bin/make -f &quot;/home/boston/Documents/spirit_dep/spirit/examples/build-rk4_bike_localplanner-Desktop-Default/Makefile&quot;  VERBOSE=1 clean" />
         </MakeCommands>
      </Target>
      <Target title="rk4_bike_localplanner">
         <Option output="/home/boston/Documents/spirit_dep/spirit/examples/build-rk4_bike_localplanner-Desktop-Default/rk4_bike_localplanner" prefix_auto="0" extension_auto="0" />
         <Option working_dir="" />
         <Option object_output="./" />
         <Option type="1" />
         <Option compiler="gcc" />
         <Compiler>
            <Add directory="/home/boston/Documents/spirit_dep/Pangolin/build/include" />
            <Add directory="/home/boston/Documents/spirit_dep/Pangolin/include" />
            <Add directory="/home/boston/Documents/spirit_dep/SceneGraph/build/include" />
            <Add directory="/home/boston/Documents/spirit_dep/SceneGraph/include" />
            <Add directory="/home/boston/Documents/spirit_dep/spirit/build" />
            <Add directory="/home/boston/Documents/spirit_dep/spirit/build/include" />
            <Add directory="/home/boston/Documents/spirit_dep/spirit/include" />
            <Add directory="/usr/include" />
            <Add directory="/usr/include/IL" />
            <Add directory="/usr/include/IL/.." />
            <Add directory="/usr/include/c++/5" />
            <Add directory="/usr/include/c++/5/backward" />
            <Add directory="/usr/include/eigen3" />
            <Add directory="/usr/include/x86_64-linux-gnu" />
            <Add directory="/usr/include/x86_64-linux-gnu/c++/5" />
            <Add directory="/usr/lib/gcc/x86_64-linux-gnu/5/include" />
            <Add directory="/usr/lib/gcc/x86_64-linux-gnu/5/include-fixed" />
            <Add directory="/usr/local/include" />
            <Add directory="/usr/local/include/bullet" />
         </Compiler>
         <MakeCommands>
            <Build command="/usr/bin/make -f &quot;/home/boston/Documents/spirit_dep/spirit/examples/build-rk4_bike_localplanner-Desktop-Default/Makefile&quot;  VERBOSE=1 rk4_bike_localplanner" />
            <CompileFile command="/usr/bin/make -f &quot;/home/boston/Documents/spirit_dep/spirit/examples/build-rk4_bike_localplanner-Desktop-Default/Makefile&quot;  VERBOSE=1 &quot;$file&quot;" />
            <Clean command="/usr/bin/make -f &quot;/home/boston/Documents/spirit_dep/spirit/examples/build-rk4_bike_localplanner-Desktop-Default/Makefile&quot;  VERBOSE=1 clean" />
            <DistClean command="/usr/bin/make -f &quot;/home/boston/Documents/spirit_dep/spirit/examples/build-rk4_bike_localplanner-Desktop-Default/Makefile&quot;  VERBOSE=1 clean" />
         </MakeCommands>
      </Target>
      <Target title="rk4_bike_localplanner/fast">
         <Option output="/home/boston/Documents/spirit_dep/spirit/examples/build-rk4_bike_localplanner-Desktop-Default/rk4_bike_localplanner" prefix_auto="0" extension_auto="0" />
         <Option working_dir="" />
         <Option object_output="./" />
         <Option type="1" />
         <Option compiler="gcc" />
         <Compiler>
            <Add directory="/home/boston/Documents/spirit_dep/Pangolin/build/include" />
            <Add directory="/home/boston/Documents/spirit_dep/Pangolin/include" />
            <Add directory="/home/boston/Documents/spirit_dep/SceneGraph/build/include" />
            <Add directory="/home/boston/Documents/spirit_dep/SceneGraph/include" />
            <Add directory="/home/boston/Documents/spirit_dep/spirit/build" />
            <Add directory="/home/boston/Documents/spirit_dep/spirit/build/include" />
            <Add directory="/home/boston/Documents/spirit_dep/spirit/include" />
            <Add directory="/usr/include" />
            <Add directory="/usr/include/IL" />
            <Add directory="/usr/include/IL/.." />
            <Add directory="/usr/include/c++/5" />
            <Add directory="/usr/include/c++/5/backward" />
            <Add directory="/usr/include/eigen3" />
            <Add directory="/usr/include/x86_64-linux-gnu" />
            <Add directory="/usr/include/x86_64-linux-gnu/c++/5" />
            <Add directory="/usr/lib/gcc/x86_64-linux-gnu/5/include" />
            <Add directory="/usr/lib/gcc/x86_64-linux-gnu/5/include-fixed" />
            <Add directory="/usr/local/include" />
            <Add directory="/usr/local/include/bullet" />
         </Compiler>
         <MakeCommands>
            <Build command="/usr/bin/make -f &quot;/home/boston/Documents/spirit_dep/spirit/examples/build-rk4_bike_localplanner-Desktop-Default/Makefile&quot;  VERBOSE=1 rk4_bike_localplanner/fast" />
            <CompileFile command="/usr/bin/make -f &quot;/home/boston/Documents/spirit_dep/spirit/examples/build-rk4_bike_localplanner-Desktop-Default/Makefile&quot;  VERBOSE=1 &quot;$file&quot;" />
            <Clean command="/usr/bin/make -f &quot;/home/boston/Documents/spirit_dep/spirit/examples/build-rk4_bike_localplanner-Desktop-Default/Makefile&quot;  VERBOSE=1 clean" />
            <DistClean command="/usr/bin/make -f &quot;/home/boston/Documents/spirit_dep/spirit/examples/build-rk4_bike_localplanner-Desktop-Default/Makefile&quot;  VERBOSE=1 clean" />
         </MakeCommands>
      </Target>
      </Build>
      <Unit filename="/home/boston/Documents/spirit_dep/spirit/examples/rk4_bike_localplanner/main.cpp">
         <Option target="rk4_bike_localplanner"/>
      </Unit>
      <Unit filename="/home/boston/Documents/spirit_dep/spirit/examples/rk4_bike_localplanner/CMakeLists.txt">
          <Option virtualFolder="CMake Files\" />
      </Unit>
      <Unit filename="/home/boston/Documents/spirit_dep/spirit/examples/rk4_bike_localplanner/../../build/spiritConfigVersion.cmake">
          <Option virtualFolder="CMake Files\..\..\build\" />
      </Unit>
      <Unit filename="/home/boston/Documents/spirit_dep/spirit/examples/rk4_bike_localplanner/../../build/spiritConfig.cmake">
          <Option virtualFolder="CMake Files\..\..\build\" />
      </Unit>
   </Project>
</CodeBlocks_project_file>
